
Microsoft Visual Studio Solution File, Format Version 12.00
# Visual Studio Version 17
VisualStudioVersion = 17.2.32505.173
MinimumVisualStudioVersion = 10.0.40219.1
Project("{E24C65DC-7377-472B-9ABA-BC803B73C61A}") = "StaticWebSite", ".", "{BACBA3AF-68C9-4C69-A975-75845735639A}"
	ProjectSection(WebsiteProperties) = preProject
		TargetFrameworkMoniker = ".NETFramework,Version%3Dv4.8"
		Debug.AspNetCompiler.VirtualPath = "/localhost_7721"
		Debug.AspNetCompiler.PhysicalPath = "..\StaticWebSite\"
		Debug.AspNetCompiler.TargetPath = "PrecompiledWeb\localhost_7721\"
		Debug.AspNetCompiler.Updateable = "true"
		Debug.AspNetCompiler.ForceOverwrite = "true"
		Debug.AspNetCompiler.FixedNames = "false"
		Debug.AspNetCompiler.Debug = "True"
		Release.AspNetCompiler.VirtualPath = "/localhost_7721"
		Release.AspNetCompiler.PhysicalPath = "..\StaticWebSite\"
		Release.AspNetCompiler.TargetPath = "PrecompiledWeb\localhost_7721\"
		Release.AspNetCompiler.Updateable = "true"
		Release.AspNetCompiler.ForceOverwrite = "true"
		Release.AspNetCompiler.FixedNames = "false"
		Release.AspNetCompiler.Debug = "False"
		VWDPort = "7721"
		SlnRelativePath = "..\StaticWebSite\"
	EndProjectSection
EndProject
Global
	GlobalSection(SolutionConfigurationPlatforms) = preSolution
		Debug|Any CPU = Debug|Any CPU
	EndGlobalSection
	GlobalSection(ProjectConfigurationPlatforms) = postSolution
		{BACBA3AF-68C9-4C69-A975-75845735639A}.Debug|Any CPU.ActiveCfg = Debug|Any CPU
		{BACBA3AF-68C9-4C69-A975-75845735639A}.Debug|Any CPU.Build.0 = Debug|Any CPU
	EndGlobalSection
	GlobalSection(SolutionProperties) = preSolution
		HideSolutionNode = FALSE
	EndGlobalSection
	GlobalSection(ExtensibilityGlobals) = postSolution
		SolutionGuid = {C9BE00AA-1753-4C55-8293-1B9C00894B50}
	EndGlobalSection
EndGlobal
